// !$*UTF8*$!
{
	archiveVersion = 1;
	classes = {
	};
	objectVersion = 50;
	objects = {

/* Begin PBXBuildFile section */
		4A7A1083AF807A239AC7D200 /* Pods_Converto.framework in Frameworks */ = {isa = PBXBuildFile; fileRef = 95390D69BBE02902916FCBC1 /* Pods_Converto.framework */; };
		D515E9B021F6FB160090D7EA /* Extensions.swift in Sources */ = {isa = PBXBuildFile; fileRef = D515E9AF21F6FB160090D7EA /* Extensions.swift */; };
		D54DBB9421F2317B00FCA613 /* Api.swift in Sources */ = {isa = PBXBuildFile; fileRef = D54DBB9321F2317B00FCA613 /* Api.swift */; };
		D54DBB9621F2358A00FCA613 /* Currency.swift in Sources */ = {isa = PBXBuildFile; fileRef = D54DBB9521F2358A00FCA613 /* Currency.swift */; };
		D54DBB9A21F2403C00FCA613 /* Assets.xcassets in Resources */ = {isa = PBXBuildFile; fileRef = D54DBB9921F2403C00FCA613 /* Assets.xcassets */; };
		D569075921EDD0C200E0C987 /* ConvertoViewController.swift in Sources */ = {isa = PBXBuildFile; fileRef = D569075821EDD0C200E0C987 /* ConvertoViewController.swift */; };
		D5804E0B21E74C7800B55E2A /* AppDelegate.swift in Sources */ = {isa = PBXBuildFile; fileRef = D5804E0A21E74C7800B55E2A /* AppDelegate.swift */; };
		D5804E1021E74C7800B55E2A /* Main.storyboard in Resources */ = {isa = PBXBuildFile; fileRef = D5804E0E21E74C7800B55E2A /* Main.storyboard */; };
		D5804E1521E74C7A00B55E2A /* LaunchScreen.storyboard in Resources */ = {isa = PBXBuildFile; fileRef = D5804E1321E74C7A00B55E2A /* LaunchScreen.storyboard */; };
		D5B41EDE21F627C20071A6EB /* CurrenciesTableViewController.swift in Sources */ = {isa = PBXBuildFile; fileRef = D5B41EDD21F627C20071A6EB /* CurrenciesTableViewController.swift */; };
		D5B41EE021F635B90071A6EB /* CurrencyTableViewCell.swift in Sources */ = {isa = PBXBuildFile; fileRef = D5B41EDF21F635B90071A6EB /* CurrencyTableViewCell.swift */; };
		D5B41EE221F63D720071A6EB /* Protocols.swift in Sources */ = {isa = PBXBuildFile; fileRef = D5B41EE121F63D720071A6EB /* Protocols.swift */; };
		D5B5C4E021F77BF3006629BF /* ExchangeHistoryViewController.swift in Sources */ = {isa = PBXBuildFile; fileRef = D5B5C4DF21F77BF3006629BF /* ExchangeHistoryViewController.swift */; };
		D5B5C4E221F7AD1B006629BF /* Enums.swift in Sources */ = {isa = PBXBuildFile; fileRef = D5B5C4E121F7AD1B006629BF /* Enums.swift */; };
/* End PBXBuildFile section */

/* Begin PBXFileReference section */
		3B50BFD5DFC6121744553E23 /* Pods-Converto.debug.xcconfig */ = {isa = PBXFileReference; includeInIndex = 1; lastKnownFileType = text.xcconfig; name = "Pods-Converto.debug.xcconfig"; path = "Pods/Target Support Files/Pods-Converto/Pods-Converto.debug.xcconfig"; sourceTree = "<group>"; };
		93895260F64358564D71EB57 /* Pods-Converto.release.xcconfig */ = {isa = PBXFileReference; includeInIndex = 1; lastKnownFileType = text.xcconfig; name = "Pods-Converto.release.xcconfig"; path = "Pods/Target Support Files/Pods-Converto/Pods-Converto.release.xcconfig"; sourceTree = "<group>"; };
		95390D69BBE02902916FCBC1 /* Pods_Converto.framework */ = {isa = PBXFileReference; explicitFileType = wrapper.framework; includeInIndex = 0; path = Pods_Converto.framework; sourceTree = BUILT_PRODUCTS_DIR; };
		D515E9AF21F6FB160090D7EA /* Extensions.swift */ = {isa = PBXFileReference; lastKnownFileType = sourcecode.swift; path = Extensions.swift; sourceTree = "<group>"; };
		D54DBB9321F2317B00FCA613 /* Api.swift */ = {isa = PBXFileReference; lastKnownFileType = sourcecode.swift; path = Api.swift; sourceTree = "<group>"; };
		D54DBB9521F2358A00FCA613 /* Currency.swift */ = {isa = PBXFileReference; lastKnownFileType = sourcecode.swift; path = Currency.swift; sourceTree = "<group>"; };
		D54DBB9921F2403C00FCA613 /* Assets.xcassets */ = {isa = PBXFileReference; lastKnownFileType = folder.assetcatalog; path = Assets.xcassets; sourceTree = "<group>"; };
		D569075821EDD0C200E0C987 /* ConvertoViewController.swift */ = {isa = PBXFileReference; lastKnownFileType = sourcecode.swift; path = ConvertoViewController.swift; sourceTree = "<group>"; };
		D5804E0721E74C7800B55E2A /* Converto.app */ = {isa = PBXFileReference; explicitFileType = wrapper.application; includeInIndex = 0; path = Converto.app; sourceTree = BUILT_PRODUCTS_DIR; };
		D5804E0A21E74C7800B55E2A /* AppDelegate.swift */ = {isa = PBXFileReference; lastKnownFileType = sourcecode.swift; path = AppDelegate.swift; sourceTree = "<group>"; };
		D5804E0F21E74C7800B55E2A /* Base */ = {isa = PBXFileReference; lastKnownFileType = file.storyboard; name = Base; path = Base.lproj/Main.storyboard; sourceTree = "<group>"; };
		D5804E1421E74C7A00B55E2A /* Base */ = {isa = PBXFileReference; lastKnownFileType = file.storyboard; name = Base; path = Base.lproj/LaunchScreen.storyboard; sourceTree = "<group>"; };
		D5804E1621E74C7A00B55E2A /* Info.plist */ = {isa = PBXFileReference; lastKnownFileType = text.plist.xml; path = Info.plist; sourceTree = "<group>"; };
		D5B41EDD21F627C20071A6EB /* CurrenciesTableViewController.swift */ = {isa = PBXFileReference; lastKnownFileType = sourcecode.swift; path = CurrenciesTableViewController.swift; sourceTree = "<group>"; };
		D5B41EDF21F635B90071A6EB /* CurrencyTableViewCell.swift */ = {isa = PBXFileReference; lastKnownFileType = sourcecode.swift; path = CurrencyTableViewCell.swift; sourceTree = "<group>"; };
		D5B41EE121F63D720071A6EB /* Protocols.swift */ = {isa = PBXFileReference; lastKnownFileType = sourcecode.swift; path = Protocols.swift; sourceTree = "<group>"; };
		D5B5C4DF21F77BF3006629BF /* ExchangeHistoryViewController.swift */ = {isa = PBXFileReference; lastKnownFileType = sourcecode.swift; path = ExchangeHistoryViewController.swift; sourceTree = "<group>"; };
		D5B5C4E121F7AD1B006629BF /* Enums.swift */ = {isa = PBXFileReference; lastKnownFileType = sourcecode.swift; path = Enums.swift; sourceTree = "<group>"; };
/* End PBXFileReference section */

/* Begin PBXFrameworksBuildPhase section */
		D5804E0421E74C7800B55E2A /* Frameworks */ = {
			isa = PBXFrameworksBuildPhase;
			buildActionMask = 2147483647;
			files = (
				4A7A1083AF807A239AC7D200 /* Pods_Converto.framework in Frameworks */,
			);
			runOnlyForDeploymentPostprocessing = 0;
		};
/* End PBXFrameworksBuildPhase section */

/* Begin PBXGroup section */
		27CE4180BDB871F54D5056FC /* Pods */ = {
			isa = PBXGroup;
			children = (
				3B50BFD5DFC6121744553E23 /* Pods-Converto.debug.xcconfig */,
				93895260F64358564D71EB57 /* Pods-Converto.release.xcconfig */,
			);
			name = Pods;
			sourceTree = "<group>";
		};
		399023DF3498CD34DEBA5953 /* Frameworks */ = {
			isa = PBXGroup;
			children = (
				95390D69BBE02902916FCBC1 /* Pods_Converto.framework */,
			);
			name = Frameworks;
			sourceTree = "<group>";
		};
		D54DBB9221F2314600FCA613 /* Classes */ = {
			isa = PBXGroup;
			children = (
				D54DBB9321F2317B00FCA613 /* Api.swift */,
				D54DBB9521F2358A00FCA613 /* Currency.swift */,
				D5B41EE121F63D720071A6EB /* Protocols.swift */,
				D515E9AF21F6FB160090D7EA /* Extensions.swift */,
				D5B5C4E121F7AD1B006629BF /* Enums.swift */,
			);
			path = Classes;
			sourceTree = "<group>";
		};
		D569075321EDC6CF00E0C987 /* Controllers */ = {
			isa = PBXGroup;
			children = (
				D569075821EDD0C200E0C987 /* ConvertoViewController.swift */,
				D5B41EDD21F627C20071A6EB /* CurrenciesTableViewController.swift */,
				D5B41EDF21F635B90071A6EB /* CurrencyTableViewCell.swift */,
				D5B5C4DF21F77BF3006629BF /* ExchangeHistoryViewController.swift */,
			);
			path = Controllers;
			sourceTree = "<group>";
		};
		D5804DFE21E74C7800B55E2A = {
			isa = PBXGroup;
			children = (
				D5804E0921E74C7800B55E2A /* Converto */,
				D5804E0821E74C7800B55E2A /* Products */,
				27CE4180BDB871F54D5056FC /* Pods */,
				399023DF3498CD34DEBA5953 /* Frameworks */,
			);
			sourceTree = "<group>";
		};
		D5804E0821E74C7800B55E2A /* Products */ = {
			isa = PBXGroup;
			children = (
				D5804E0721E74C7800B55E2A /* Converto.app */,
			);
			name = Products;
			sourceTree = "<group>";
		};
		D5804E0921E74C7800B55E2A /* Converto */ = {
			isa = PBXGroup;
			children = (
				D54DBB9221F2314600FCA613 /* Classes */,
				D569075321EDC6CF00E0C987 /* Controllers */,
				D5804E0A21E74C7800B55E2A /* AppDelegate.swift */,
				D5804E0E21E74C7800B55E2A /* Main.storyboard */,
				D5804E1321E74C7A00B55E2A /* LaunchScreen.storyboard */,
				D54DBB9921F2403C00FCA613 /* Assets.xcassets */,
				D5804E1621E74C7A00B55E2A /* Info.plist */,
			);
			path = Converto;
			sourceTree = "<group>";
		};
/* End PBXGroup section */

/* Begin PBXNativeTarget section */
		D5804E0621E74C7800B55E2A /* Converto */ = {
			isa = PBXNativeTarget;
			buildConfigurationList = D5804E1921E74C7A00B55E2A /* Build configuration list for PBXNativeTarget "Converto" */;
			buildPhases = (
				A8839B963A7A309AC8BE7029 /* [CP] Check Pods Manifest.lock */,
				D5804E0321E74C7800B55E2A /* Sources */,
				D5804E0421E74C7800B55E2A /* Frameworks */,
				D5804E0521E74C7800B55E2A /* Resources */,
				5F3150128A3946F4E30E201A /* [CP] Embed Pods Frameworks */,
			);
			buildRules = (
			);
			dependencies = (
			);
			name = Converto;
			productName = Converto;
			productReference = D5804E0721E74C7800B55E2A /* Converto.app */;
			productType = "com.apple.product-type.application";
		};
/* End PBXNativeTarget section */

/* Begin PBXProject section */
		D5804DFF21E74C7800B55E2A /* Project object */ = {
			isa = PBXProject;
			attributes = {
				LastSwiftUpdateCheck = 1010;
				LastUpgradeCheck = 1010;
				ORGANIZATIONNAME = "Giovanni Barbiero";
				TargetAttributes = {
					D5804E0621E74C7800B55E2A = {
						CreatedOnToolsVersion = 10.1;
					};
				};
			};
			buildConfigurationList = D5804E0221E74C7800B55E2A /* Build configuration list for PBXProject "Converto" */;
			compatibilityVersion = "Xcode 9.3";
			developmentRegion = en;
			hasScannedForEncodings = 0;
			knownRegions = (
				en,
				Base,
			);
			mainGroup = D5804DFE21E74C7800B55E2A;
			productRefGroup = D5804E0821E74C7800B55E2A /* Products */;
			projectDirPath = "";
			projectRoot = "";
			targets = (
				D5804E0621E74C7800B55E2A /* Converto */,
			);
		};
/* End PBXProject section */

/* Begin PBXResourcesBuildPhase section */
		D5804E0521E74C7800B55E2A /* Resources */ = {
			isa = PBXResourcesBuildPhase;
			buildActionMask = 2147483647;
			files = (
				D5804E1521E74C7A00B55E2A /* LaunchScreen.storyboard in Resources */,
				D54DBB9A21F2403C00FCA613 /* Assets.xcassets in Resources */,
				D5804E1021E74C7800B55E2A /* Main.storyboard in Resources */,
			);
			runOnlyForDeploymentPostprocessing = 0;
		};
/* End PBXResourcesBuildPhase section */

/* Begin PBXShellScriptBuildPhase section */
		5F3150128A3946F4E30E201A /* [CP] Embed Pods Frameworks */ = {
			isa = PBXShellScriptBuildPhase;
			buildActionMask = 2147483647;
			files = (
			);
			inputFileListPaths = (
			);
			inputPaths = (
				"${SRCROOT}/Pods/Target Support Files/Pods-Converto/Pods-Converto-frameworks.sh",
				"${BUILT_PRODUCTS_DIR}/SwiftChart/SwiftChart.framework",
			);
			name = "[CP] Embed Pods Frameworks";
			outputFileListPaths = (
			);
			outputPaths = (
				"${TARGET_BUILD_DIR}/${FRAMEWORKS_FOLDER_PATH}/SwiftChart.framework",
			);
			runOnlyForDeploymentPostprocessing = 0;
			shellPath = /bin/sh;
			shellScript = "\"${SRCROOT}/Pods/Target Support Files/Pods-Converto/Pods-Converto-frameworks.sh\"\n";
			showEnvVarsInLog = 0;
		};
		A8839B963A7A309AC8BE7029 /* [CP] Check Pods Manifest.lock */ = {
			isa = PBXShellScriptBuildPhase;
			buildActionMask = 2147483647;
			files = (
			);
			inputFileListPaths = (
			);
			inputPaths = (
				"${PODS_PODFILE_DIR_PATH}/Podfile.lock",
				"${PODS_ROOT}/Manifest.lock",
			);
			name = "[CP] Check Pods Manifest.lock";
			outputFileListPaths = (
			);
			outputPaths = (
				"$(DERIVED_FILE_DIR)/Pods-Converto-checkManifestLockResult.txt",
			);
			runOnlyForDeploymentPostprocessing = 0;
			shellPath = /bin/sh;
			shellScript = "diff \"${PODS_PODFILE_DIR_PATH}/Podfile.lock\" \"${PODS_ROOT}/Manifest.lock\" > /dev/null\nif [ $? != 0 ] ; then\n    # print error to STDERR\n    echo \"error: The sandbox is not in sync with the Podfile.lock. Run 'pod install' or update your CocoaPods installation.\" >&2\n    exit 1\nfi\n# This output is used by Xcode 'outputs' to avoid re-running this script phase.\necho \"SUCCESS\" > \"${SCRIPT_OUTPUT_FILE_0}\"\n";
			showEnvVarsInLog = 0;
		};
/* End PBXShellScriptBuildPhase section */

/* Begin PBXSourcesBuildPhase section */
		D5804E0321E74C7800B55E2A /* Sources */ = {
			isa = PBXSourcesBuildPhase;
			buildActionMask = 2147483647;
			files = (
				D5B41EDE21F627C20071A6EB /* CurrenciesTableViewController.swift in Sources */,
				D54DBB9621F2358A00FCA613 /* Currency.swift in Sources */,
				D5B5C4E221F7AD1B006629BF /* Enums.swift in Sources */,
				D5B5C4E021F77BF3006629BF /* ExchangeHistoryViewController.swift in Sources */,
				D5B41EE221F63D720071A6EB /* Protocols.swift in Sources */,
				D515E9B021F6FB160090D7EA /* Extensions.swift in Sources */,
				D54DBB9421F2317B00FCA613 /* Api.swift in Sources */,
				D569075921EDD0C200E0C987 /* ConvertoViewController.swift in Sources */,
				D5B41EE021F635B90071A6EB /* CurrencyTableViewCell.swift in Sources */,
				D5804E0B21E74C7800B55E2A /* AppDelegate.swift in Sources */,
			);
			runOnlyForDeploymentPostprocessing = 0;
		};
/* End PBXSourcesBuildPhase section */

/* Begin PBXVariantGroup section */
		D5804E0E21E74C7800B55E2A /* Main.storyboard */ = {
			isa = PBXVariantGroup;
			children = (
				D5804E0F21E74C7800B55E2A /* Base */,
			);
			name = Main.storyboard;
			sourceTree = "<group>";
		};
		D5804E1321E74C7A00B55E2A /* LaunchScreen.storyboard */ = {
			isa = PBXVariantGroup;
			children = (
				D5804E1421E74C7A00B55E2A /* Base */,
			);
			name = LaunchScreen.storyboard;
			sourceTree = "<group>";
		};
/* End PBXVariantGroup section */

/* Begin XCBuildConfiguration section */
		D5804E1721E74C7A00B55E2A /* Debug */ = {
			isa = XCBuildConfiguration;
			buildSettings = {
				ALWAYS_SEARCH_USER_PATHS = NO;
				CLANG_ANALYZER_NONNULL = YES;
				CLANG_ANALYZER_NUMBER_OBJECT_CONVERSION = YES_AGGRESSIVE;
				CLANG_CXX_LANGUAGE_STANDARD = "gnu++14";
				CLANG_CXX_LIBRARY = "libc++";
				CLANG_ENABLE_MODULES = YES;
				CLANG_ENABLE_OBJC_ARC = YES;
				CLANG_ENABLE_OBJC_WEAK = YES;
				CLANG_WARN_BLOCK_CAPTURE_AUTORELEASING = YES;
				CLANG_WARN_BOOL_CONVERSION = YES;
				CLANG_WARN_COMMA = YES;
				CLANG_WARN_CONSTANT_CONVERSION = YES;
				CLANG_WARN_DEPRECATED_OBJC_IMPLEMENTATIONS = YES;
				CLANG_WARN_DIRECT_OBJC_ISA_USAGE = YES_ERROR;
				CLANG_WARN_DOCUMENTATION_COMMENTS = YES;
				CLANG_WARN_EMPTY_BODY = YES;
				CLANG_WARN_ENUM_CONVERSION = YES;
				CLANG_WARN_INFINITE_RECURSION = YES;
				CLANG_WARN_INT_CONVERSION = YES;
				CLANG_WARN_NON_LITERAL_NULL_CONVERSION = YES;
				CLANG_WARN_OBJC_IMPLICIT_RETAIN_SELF = YES;
				CLANG_WARN_OBJC_LITERAL_CONVERSION = YES;
				CLANG_WARN_OBJC_ROOT_CLASS = YES_ERROR;
				CLANG_WARN_RANGE_LOOP_ANALYSIS = YES;
				CLANG_WARN_STRICT_PROTOTYPES = YES;
				CLANG_WARN_SUSPICIOUS_MOVE = YES;
				CLANG_WARN_UNGUARDED_AVAILABILITY = YES_AGGRESSIVE;
				CLANG_WARN_UNREACHABLE_CODE = YES;
				CLANG_WARN__DUPLICATE_METHOD_MATCH = YES;
				CODE_SIGN_IDENTITY = "iPhone Developer";
				COPY_PHASE_STRIP = NO;
				DEBUG_INFORMATION_FORMAT = dwarf;
				ENABLE_STRICT_OBJC_MSGSEND = YES;
				ENABLE_TESTABILITY = YES;
				GCC_C_LANGUAGE_STANDARD = gnu11;
				GCC_DYNAMIC_NO_PIC = NO;
				GCC_NO_COMMON_BLOCKS = YES;
				GCC_OPTIMIZATION_LEVEL = 0;
				GCC_PREPROCESSOR_DEFINITIONS = (
					"DEBUG=1",
					"$(inherited)",
				);
				GCC_WARN_64_TO_32_BIT_CONVERSION = YES;
				GCC_WARN_ABOUT_RETURN_TYPE = YES_ERROR;
				GCC_WARN_UNDECLARED_SELECTOR = YES;
				GCC_WARN_UNINITIALIZED_AUTOS = YES_AGGRESSIVE;
				GCC_WARN_UNUSED_FUNCTION = YES;
				GCC_WARN_UNUSED_VARIABLE = YES;
				IPHONEOS_DEPLOYMENT_TARGET = 12.1;
				MTL_ENABLE_DEBUG_INFO = INCLUDE_SOURCE;
				MTL_FAST_MATH = YES;
				ONLY_ACTIVE_ARCH = YES;
				SDKROOT = iphoneos;
				SWIFT_ACTIVE_COMPILATION_CONDITIONS = DEBUG;
				SWIFT_OPTIMIZATION_LEVEL = "-Onone";
			};
			name = Debug;
		};
		D5804E1821E74C7A00B55E2A /* Release */ = {
			isa = XCBuildConfiguration;
			buildSettings = {
				ALWAYS_SEARCH_USER_PATHS = NO;
				CLANG_ANALYZER_NONNULL = YES;
				CLANG_ANALYZER_NUMBER_OBJECT_CONVERSION = YES_AGGRESSIVE;
				CLANG_CXX_LANGUAGE_STANDARD = "gnu++14";
				CLANG_CXX_LIBRARY = "libc++";
				CLANG_ENABLE_MODULES = YES;
				CLANG_ENABLE_OBJC_ARC = YES;
				CLANG_ENABLE_OBJC_WEAK = YES;
				CLANG_WARN_BLOCK_CAPTURE_AUTORELEASING = YES;
				CLANG_WARN_BOOL_CONVERSION = YES;
				CLANG_WARN_COMMA = YES;
				CLANG_WARN_CONSTANT_CONVERSION = YES;
				CLANG_WARN_DEPRECATED_OBJC_IMPLEMENTATIONS = YES;
				CLANG_WARN_DIRECT_OBJC_ISA_USAGE = YES_ERROR;
				CLANG_WARN_DOCUMENTATION_COMMENTS = YES;
				CLANG_WARN_EMPTY_BODY = YES;
				CLANG_WARN_ENUM_CONVERSION = YES;
				CLANG_WARN_INFINITE_RECURSION = YES;
				CLANG_WARN_INT_CONVERSION = YES;
				CLANG_WARN_NON_LITERAL_NULL_CONVERSION = YES;
				CLANG_WARN_OBJC_IMPLICIT_RETAIN_SELF = YES;
				CLANG_WARN_OBJC_LITERAL_CONVERSION = YES;
				CLANG_WARN_OBJC_ROOT_CLASS = YES_ERROR;
				CLANG_WARN_RANGE_LOOP_ANALYSIS = YES;
				CLANG_WARN_STRICT_PROTOTYPES = YES;
				CLANG_WARN_SUSPICIOUS_MOVE = YES;
				CLANG_WARN_UNGUARDED_AVAILABILITY = YES_AGGRESSIVE;
				CLANG_WARN_UNREACHABLE_CODE = YES;
				CLANG_WARN__DUPLICATE_METHOD_MATCH = YES;
				CODE_SIGN_IDENTITY = "iPhone Developer";
				COPY_PHASE_STRIP = NO;
				DEBUG_INFORMATION_FORMAT = "dwarf-with-dsym";
				ENABLE_NS_ASSERTIONS = NO;
				ENABLE_STRICT_OBJC_MSGSEND = YES;
				GCC_C_LANGUAGE_STANDARD = gnu11;
				GCC_NO_COMMON_BLOCKS = YES;
				GCC_WARN_64_TO_32_BIT_CONVERSION = YES;
				GCC_WARN_ABOUT_RETURN_TYPE = YES_ERROR;
				GCC_WARN_UNDECLARED_SELECTOR = YES;
				GCC_WARN_UNINITIALIZED_AUTOS = YES_AGGRESSIVE;
				GCC_WARN_UNUSED_FUNCTION = YES;
				GCC_WARN_UNUSED_VARIABLE = YES;
				IPHONEOS_DEPLOYMENT_TARGET = 12.1;
				MTL_ENABLE_DEBUG_INFO = NO;
				MTL_FAST_MATH = YES;
				SDKROOT = iphoneos;
				SWIFT_COMPILATION_MODE = wholemodule;
				SWIFT_OPTIMIZATION_LEVEL = "-O";
				VALIDATE_PRODUCT = YES;
			};
			name = Release;
		};
		D5804E1A21E74C7A00B55E2A /* Debug */ = {
			isa = XCBuildConfiguration;
			baseConfigurationReference = 3B50BFD5DFC6121744553E23 /* Pods-Converto.debug.xcconfig */;
			buildSettings = {
				ASSETCATALOG_COMPILER_APPICON_NAME = AppIcon;
				CODE_SIGN_STYLE = Automatic;
				DEVELOPMENT_TEAM = PGP9D9THZX;
				INFOPLIST_FILE = Converto/Info.plist;
				LD_RUNPATH_SEARCH_PATHS = (
					"$(inherited)",
					"@executable_path/Frameworks",
				);
				PRODUCT_BUNDLE_IDENTIFIER = tk.gbcorporation.Converto;
				PRODUCT_NAME = "$(TARGET_NAME)";
				SWIFT_VERSION = 4.2;
				TARGETED_DEVICE_FAMILY = "1,2";
			};
			name = Debug;
		};
		D5804E1B21E74C7A00B55E2A /* Release */ = {
			isa = XCBuildConfiguration;
			baseConfigurationReference = 93895260F64358564D71EB57 /* Pods-Converto.release.xcconfig */;
			buildSettings = {
				ASSETCATALOG_COMPILER_APPICON_NAME = AppIcon;
				CODE_SIGN_STYLE = Automatic;
				DEVELOPMENT_TEAM = PGP9D9THZX;
				INFOPLIST_FILE = Converto/Info.plist;
				LD_RUNPATH_SEARCH_PATHS = (
					"$(inherited)",
					"@executable_path/Frameworks",
				);
				PRODUCT_BUNDLE_IDENTIFIER = tk.gbcorporation.Converto;
				PRODUCT_NAME = "$(TARGET_NAME)";
				SWIFT_VERSION = 4.2;
				TARGETED_DEVICE_FAMILY = "1,2";
			};
			name = Release;
		};
/* End XCBuildConfiguration section */

/* Begin XCConfigurationList section */
		D5804E0221E74C7800B55E2A /* Build configuration list for PBXProject "Converto" */ = {
			isa = XCConfigurationList;
			buildConfigurations = (
				D5804E1721E74C7A00B55E2A /* Debug */,
				D5804E1821E74C7A00B55E2A /* Release */,
			);
			defaultConfigurationIsVisible = 0;
			defaultConfigurationName = Release;
		};
		D5804E1921E74C7A00B55E2A /* Build configuration list for PBXNativeTarget "Converto" */ = {
			isa = XCConfigurationList;
			buildConfigurations = (
				D5804E1A21E74C7A00B55E2A /* Debug */,
				D5804E1B21E74C7A00B55E2A /* Release */,
			);
			defaultConfigurationIsVisible = 0;
			defaultConfigurationName = Release;
		};
/* End XCConfigurationList section */
	};
	rootObject = D5804DFF21E74C7800B55E2A /* Project object */;
}
